
Microsoft Visual Studio Solution File, Format Version 12.00
# Visual Studio 15
VisualStudioVersion = 15.0.26730.12
MinimumVisualStudioVersion = 10.0.40219.1
Project("{FAE04EC0-301F-11D3-BF4B-00C04F79EFBC}") = "AutoTeste", "AutoTeste\AutoTeste.csproj", "{5B161A46-CF71-43D9-867B-4F0142313C2C}"
EndProject
Global
	GlobalSection(SolutionConfigurationPlatforms) = preSolution
		Debug|Any CPU = Debug|Any CPU
		Release|Any CPU = Release|Any CPU
	EndGlobalSection
	GlobalSection(ProjectConfigurationPlatforms) = postSolution
		{5B161A46-CF71-43D9-867B-4F0142313C2C}.Debug|Any CPU.ActiveCfg = Debug|Any CPU
		{5B161A46-CF71-43D9-867B-4F0142313C2C}.Debug|Any CPU.Build.0 = Debug|Any CPU
		{5B161A46-CF71-43D9-867B-4F0142313C2C}.Release|Any CPU.ActiveCfg = Release|Any CPU
		{5B161A46-CF71-43D9-867B-4F0142313C2C}.Release|Any CPU.Build.0 = Release|Any CPU
	EndGlobalSection
	GlobalSection(SolutionProperties) = preSolution
		HideSolutionNode = FALSE
	EndGlobalSection
	GlobalSection(ExtensibilityGlobals) = postSolution
		SolutionGuid = {C1AEF02A-A320-43A4-A0A8-260001718BB2}
	EndGlobalSection
EndGlobal
